
Microsoft Visual Studio Solution File, Format Version 12.00
# Visual Studio 15
VisualStudioVersion = 15.0.26730.10
MinimumVisualStudioVersion = 10.0.40219.1
Project("{FAE04EC0-301F-11D3-BF4B-00C04F79EFBC}") = "ThreadBlockApp", "ThreadBlockApp\ThreadBlockApp.csproj", "{0BE0DC5C-8BC2-44BC-A391-D89E76B9B8D3}"
EndProject
Global
	GlobalSection(SolutionConfigurationPlatforms) = preSolution
		Debug|Any CPU = Debug|Any CPU
		Release|Any CPU = Release|Any CPU
	EndGlobalSection
	GlobalSection(ProjectConfigurationPlatforms) = postSolution
		{0BE0DC5C-8BC2-44BC-A391-D89E76B9B8D3}.Debug|Any CPU.ActiveCfg = Debug|Any CPU
		{0BE0DC5C-8BC2-44BC-A391-D89E76B9B8D3}.Debug|Any CPU.Build.0 = Debug|Any CPU
		{0BE0DC5C-8BC2-44BC-A391-D89E76B9B8D3}.Debug|Any CPU.Deploy.0 = Debug|Any CPU
		{0BE0DC5C-8BC2-44BC-A391-D89E76B9B8D3}.Release|Any CPU.ActiveCfg = Release|Any CPU
		{0BE0DC5C-8BC2-44BC-A391-D89E76B9B8D3}.Release|Any CPU.Build.0 = Release|Any CPU
		{0BE0DC5C-8BC2-44BC-A391-D89E76B9B8D3}.Release|Any CPU.Deploy.0 = Release|Any CPU
	EndGlobalSection
	GlobalSection(SolutionProperties) = preSolution
		HideSolutionNode = FALSE
	EndGlobalSection
	GlobalSection(ExtensibilityGlobals) = postSolution
		SolutionGuid = {3AFF0DE3-1D3F-43DE-81B0-FC2E4D221A81}
	EndGlobalSection
EndGlobal
